
Microsoft Visual Studio Solution File, Format Version 12.00
# Visual Studio Version 16
VisualStudioVersion = 16.0.31613.86
MinimumVisualStudioVersion = 10.0.40219.1
Project("{FAE04EC0-301F-11D3-BF4B-00C04F79EFBC}") = "WinFrmPromotion", "WinFrmPromotion\WinFrmPromotion.csproj", "{8D8018CE-67B4-4ED6-914A-9C135C8EA1BD}"
EndProject
Project("{FAE04EC0-301F-11D3-BF4B-00C04F79EFBC}") = "MySqlHelper", "MySqlHelper\MySqlHelper.csproj", "{BCF5A476-5D6E-439E-91CF-EC58C1C182E2}"
EndProject
Project("{54435603-DBB4-11D2-8724-00A0C9A8B90C}") = "Setup1", "Setup1\Setup1.vdproj", "{8B3243BE-7EE3-4030-A40A-052E1F54859F}"
EndProject
Project("{FAE04EC0-301F-11D3-BF4B-00C04F79EFBC}") = "WinFrmControls", "WinFrmControls\WinFrmControls.csproj", "{DA3A47AC-4667-44BF-8724-A745EB3329FE}"
EndProject
Global
	GlobalSection(SolutionConfigurationPlatforms) = preSolution
		Debug|Any CPU = Debug|Any CPU
		Release|Any CPU = Release|Any CPU
	EndGlobalSection
	GlobalSection(ProjectConfigurationPlatforms) = postSolution
		{8D8018CE-67B4-4ED6-914A-9C135C8EA1BD}.Debug|Any CPU.ActiveCfg = Debug|Any CPU
		{8D8018CE-67B4-4ED6-914A-9C135C8EA1BD}.Debug|Any CPU.Build.0 = Debug|Any CPU
		{8D8018CE-67B4-4ED6-914A-9C135C8EA1BD}.Release|Any CPU.ActiveCfg = Release|Any CPU
		{8D8018CE-67B4-4ED6-914A-9C135C8EA1BD}.Release|Any CPU.Build.0 = Release|Any CPU
		{BCF5A476-5D6E-439E-91CF-EC58C1C182E2}.Debug|Any CPU.ActiveCfg = Debug|Any CPU
		{BCF5A476-5D6E-439E-91CF-EC58C1C182E2}.Debug|Any CPU.Build.0 = Debug|Any CPU
		{BCF5A476-5D6E-439E-91CF-EC58C1C182E2}.Release|Any CPU.ActiveCfg = Release|Any CPU
		{BCF5A476-5D6E-439E-91CF-EC58C1C182E2}.Release|Any CPU.Build.0 = Release|Any CPU
		{8B3243BE-7EE3-4030-A40A-052E1F54859F}.Debug|Any CPU.ActiveCfg = Debug
		{8B3243BE-7EE3-4030-A40A-052E1F54859F}.Release|Any CPU.ActiveCfg = Release
		{DA3A47AC-4667-44BF-8724-A745EB3329FE}.Debug|Any CPU.ActiveCfg = Debug|Any CPU
		{DA3A47AC-4667-44BF-8724-A745EB3329FE}.Debug|Any CPU.Build.0 = Debug|Any CPU
		{DA3A47AC-4667-44BF-8724-A745EB3329FE}.Release|Any CPU.ActiveCfg = Release|Any CPU
		{DA3A47AC-4667-44BF-8724-A745EB3329FE}.Release|Any CPU.Build.0 = Release|Any CPU
	EndGlobalSection
	GlobalSection(SolutionProperties) = preSolution
		HideSolutionNode = FALSE
	EndGlobalSection
	GlobalSection(ExtensibilityGlobals) = postSolution
		SolutionGuid = {74539A1D-F086-4038-9072-06192102B8C1}
	EndGlobalSection
EndGlobal
